
Microsoft Visual Studio Solution File, Format Version 12.00
# Visual Studio Version 17
VisualStudioVersion = 17.6.33829.357
MinimumVisualStudioVersion = 10.0.40219.1
Project("{FAE04EC0-301F-11D3-BF4B-00C04F79EFBC}") = "Wave.proc.CLI", "Wave.proc.CLI\Wave.proc.CLI.csproj", "{4BDB87B5-5356-4A59-8A89-6A8A475AA3BE}"
EndProject
Global
	GlobalSection(SolutionConfigurationPlatforms) = preSolution
		Debug|Any CPU = Debug|Any CPU
		Release|Any CPU = Release|Any CPU
	EndGlobalSection
	GlobalSection(ProjectConfigurationPlatforms) = postSolution
		{4BDB87B5-5356-4A59-8A89-6A8A475AA3BE}.Debug|Any CPU.ActiveCfg = Debug|Any CPU
		{4BDB87B5-5356-4A59-8A89-6A8A475AA3BE}.Debug|Any CPU.Build.0 = Debug|Any CPU
		{4BDB87B5-5356-4A59-8A89-6A8A475AA3BE}.Release|Any CPU.ActiveCfg = Release|Any CPU
		{4BDB87B5-5356-4A59-8A89-6A8A475AA3BE}.Release|Any CPU.Build.0 = Release|Any CPU
	EndGlobalSection
	GlobalSection(SolutionProperties) = preSolution
		HideSolutionNode = FALSE
	EndGlobalSection
	GlobalSection(ExtensibilityGlobals) = postSolution
		SolutionGuid = {834722CF-5B08-45CE-87E2-FC7CD1220AAF}
	EndGlobalSection
EndGlobal
